github.com/roadrunner-server/api/v2 v2.13.0 h1:ZR2qQj6K+YqiBETJh6Xku4lELlSYz/B4Ze5e6ztlVx8=
github.com/roadrunner-server/api/v2 v2.13.0/go.mod h1:9G+q/c2yxV3MFv47MLw1dwggDG1AsSyxYaMuQ8BQugo=
github.com/roadrunner-server/errors v1.1.2 h1:+LPw9Akgg+8LAGM4wASMWLAoBIbyP+mhNfR+FBS2Slw=
github.com/roadrunner-server/errors v1.1.2/go.mod h1:jVSh32nFtRMzKItYUM9W2CTLLpXAM8HseL2lUENPYtU=
