github.com/roadrunner-server/api/v2 v2.14.0 h1:U7CrMXv5h8qlO9vvqdvPDK0g+zMLwcERUAPcoLy6tYs=
github.com/roadrunner-server/api/v2 v2.14.0/go.mod h1:COjb3T7DYHydaKIfino/N8gVa8op1jGAXFF+qKHMnk0=
github.com/roadrunner-server/errors v1.1.2 h1:+LPw9Akgg+8LAGM4wASMWLAoBIbyP+mhNfR+FBS2Slw=
github.com/roadrunner-server/errors v1.1.2/go.mod h1:jVSh32nFtRMzKItYUM9W2CTLLpXAM8HseL2lUENPYtU=
